// !$*UTF8*$!
{
	archiveVersion = 1;
	classes = {
	};
	objectVersion = 46;
	objects = {

/* Begin PBXBuildFile section */
		2636D9981D83B70900331745 /* RxExtensions.h in Headers */ = {isa = PBXBuildFile; fileRef = 2636D9961D83B70900331745 /* RxExtensions.h */; settings = {ATTRIBUTES = (Public, ); }; };
		2636D9A11D83B8DA00331745 /* RxSwift.framework in Frameworks */ = {isa = PBXBuildFile; fileRef = 2636D99F1D83B8DA00331745 /* RxSwift.framework */; };
		2636D9A21D83B8DA00331745 /* RxCocoa.framework in Frameworks */ = {isa = PBXBuildFile; fileRef = 2636D9A01D83B8DA00331745 /* RxCocoa.framework */; };
		2636D9A71D83B93F00331745 /* Bind.swift in Sources */ = {isa = PBXBuildFile; fileRef = 2636D9A31D83B93F00331745 /* Bind.swift */; };
		2636D9A81D83B93F00331745 /* TableViewCell+Rx.swift in Sources */ = {isa = PBXBuildFile; fileRef = 2636D9A41D83B93F00331745 /* TableViewCell+Rx.swift */; };
		2636D9A91D83B93F00331745 /* Label+Rx.swift in Sources */ = {isa = PBXBuildFile; fileRef = 2636D9A51D83B93F00331745 /* Label+Rx.swift */; };
		2636D9AA1D83B93F00331745 /* NSObject+Rx.swift in Sources */ = {isa = PBXBuildFile; fileRef = 2636D9A61D83B93F00331745 /* NSObject+Rx.swift */; };
		2638889B1DB8758700F35B5F /* Alert.swift in Sources */ = {isa = PBXBuildFile; fileRef = 263888951DB8758700F35B5F /* Alert.swift */; };
		2638889C1DB8758700F35B5F /* AutoDeselect.swift in Sources */ = {isa = PBXBuildFile; fileRef = 263888961DB8758700F35B5F /* AutoDeselect.swift */; };
		2638889D1DB8758700F35B5F /* Ignore.swift in Sources */ = {isa = PBXBuildFile; fileRef = 263888971DB8758700F35B5F /* Ignore.swift */; };
		2638889E1DB8758700F35B5F /* Operators.swift in Sources */ = {isa = PBXBuildFile; fileRef = 263888981DB8758700F35B5F /* Operators.swift */; };
		2638889F1DB8758700F35B5F /* Reverse.swift in Sources */ = {isa = PBXBuildFile; fileRef = 263888991DB8758700F35B5F /* Reverse.swift */; };
		263888A01DB8758700F35B5F /* Transition.swift in Sources */ = {isa = PBXBuildFile; fileRef = 2638889A1DB8758700F35B5F /* Transition.swift */; };
		2655165D1DBF54EB002E2A02 /* DataSourceExtensions.swift in Sources */ = {isa = PBXBuildFile; fileRef = 2655165C1DBF54EB002E2A02 /* DataSourceExtensions.swift */; };
		2655165F1DBF55BD002E2A02 /* UISwitch+Rx.swift in Sources */ = {isa = PBXBuildFile; fileRef = 2655165E1DBF55BD002E2A02 /* UISwitch+Rx.swift */; };
		265516611DBF5623002E2A02 /* UIButton+Rx.swift in Sources */ = {isa = PBXBuildFile; fileRef = 265516601DBF5623002E2A02 /* UIButton+Rx.swift */; };
		265516631DBF5BA8002E2A02 /* Variable+Array.swift in Sources */ = {isa = PBXBuildFile; fileRef = 265516621DBF5BA8002E2A02 /* Variable+Array.swift */; };
		268163E81DCF1982006AC5EB /* Driver+Occupiable.swift in Sources */ = {isa = PBXBuildFile; fileRef = 268163DE1DCF1982006AC5EB /* Driver+Occupiable.swift */; };
		268163E91DCF1982006AC5EB /* Driver+Optional.swift in Sources */ = {isa = PBXBuildFile; fileRef = 268163DF1DCF1982006AC5EB /* Driver+Optional.swift */; };
		268163EA1DCF1982006AC5EB /* Observable+Occupiable.swift in Sources */ = {isa = PBXBuildFile; fileRef = 268163E01DCF1982006AC5EB /* Observable+Occupiable.swift */; };
		268163EB1DCF1982006AC5EB /* Observable+Optional.swift in Sources */ = {isa = PBXBuildFile; fileRef = 268163E11DCF1982006AC5EB /* Observable+Optional.swift */; };
		268163EC1DCF1982006AC5EB /* Occupiable.swift in Sources */ = {isa = PBXBuildFile; fileRef = 268163E21DCF1982006AC5EB /* Occupiable.swift */; };
		268163ED1DCF1982006AC5EB /* OptionalType.swift in Sources */ = {isa = PBXBuildFile; fileRef = 268163E31DCF1982006AC5EB /* OptionalType.swift */; };
		268163EE1DCF1982006AC5EB /* RxOptionalError.swift in Sources */ = {isa = PBXBuildFile; fileRef = 268163E41DCF1982006AC5EB /* RxOptionalError.swift */; };
		26876B9C1DD1779200ED8840 /* ReactiveLabel.swift in Sources */ = {isa = PBXBuildFile; fileRef = 26876B9B1DD1779200ED8840 /* ReactiveLabel.swift */; };
		26876B9E1DD1783C00ED8840 /* ReactiveButton.swift in Sources */ = {isa = PBXBuildFile; fileRef = 26876B9D1DD1783C00ED8840 /* ReactiveButton.swift */; };
		26876BA01DD197E300ED8840 /* ReactiveViewController.swift in Sources */ = {isa = PBXBuildFile; fileRef = 26876B9F1DD197E300ED8840 /* ReactiveViewController.swift */; };
		269D8E9D1DCAFA6B001F703D /* UIBarItem+Rx.swift in Sources */ = {isa = PBXBuildFile; fileRef = 269D8E9C1DCAFA6B001F703D /* UIBarItem+Rx.swift */; };
		269D8E9F1DCAFAB3001F703D /* CollectionViewCell+Rx.swift in Sources */ = {isa = PBXBuildFile; fileRef = 269D8E9E1DCAFAB3001F703D /* CollectionViewCell+Rx.swift */; };
		26BD1AE81DCB888900472A36 /* ReactiveBarButtonItem.swift in Sources */ = {isa = PBXBuildFile; fileRef = 26BD1AE71DCB888900472A36 /* ReactiveBarButtonItem.swift */; };
		26BD1AEA1DCB88F500472A36 /* ReactiveCollectionView.swift in Sources */ = {isa = PBXBuildFile; fileRef = 26BD1AE91DCB88F500472A36 /* ReactiveCollectionView.swift */; };
		26BD1AFF1DCC692300472A36 /* ReactiveTextField.swift in Sources */ = {isa = PBXBuildFile; fileRef = 26BD1AFE1DCC692300472A36 /* ReactiveTextField.swift */; };
		26BD1B011DCC6A2100472A36 /* ReactiveImageView.swift in Sources */ = {isa = PBXBuildFile; fileRef = 26BD1B001DCC6A2100472A36 /* ReactiveImageView.swift */; };
		26BD1B071DCC882A00472A36 /* Replace.swift in Sources */ = {isa = PBXBuildFile; fileRef = 26BD1B061DCC882A00472A36 /* Replace.swift */; };
		26CCF5971DBF44660023586B /* UITableViewHeaderFooterView+Rx.swift in Sources */ = {isa = PBXBuildFile; fileRef = 26CCF5961DBF44660023586B /* UITableViewHeaderFooterView+Rx.swift */; };
		26D1655A1D9D55F300DE6232 /* IDHashable.swift in Sources */ = {isa = PBXBuildFile; fileRef = 26D165591D9D55F300DE6232 /* IDHashable.swift */; };
		26E1DAAB1D9D56F400128300 /* RxDataSources.framework in Frameworks */ = {isa = PBXBuildFile; fileRef = 26E1DAAA1D9D56F400128300 /* RxDataSources.framework */; };
/* End PBXBuildFile section */

/* Begin PBXFileReference section */
		2636D9931D83B70900331745 /* RxExtensions.framework */ = {isa = PBXFileReference; explicitFileType = wrapper.framework; includeInIndex = 0; path = RxExtensions.framework; sourceTree = BUILT_PRODUCTS_DIR; };
		2636D9961D83B70900331745 /* RxExtensions.h */ = {isa = PBXFileReference; lastKnownFileType = sourcecode.c.h; path = RxExtensions.h; sourceTree = "<group>"; };
		2636D9971D83B70900331745 /* Info.plist */ = {isa = PBXFileReference; lastKnownFileType = text.plist.xml; path = Info.plist; sourceTree = "<group>"; };
		2636D99F1D83B8DA00331745 /* RxSwift.framework */ = {isa = PBXFileReference; lastKnownFileType = wrapper.framework; name = RxSwift.framework; path = Carthage/Build/iOS/RxSwift.framework; sourceTree = "<group>"; };
		2636D9A01D83B8DA00331745 /* RxCocoa.framework */ = {isa = PBXFileReference; lastKnownFileType = wrapper.framework; name = RxCocoa.framework; path = Carthage/Build/iOS/RxCocoa.framework; sourceTree = "<group>"; };
		2636D9A31D83B93F00331745 /* Bind.swift */ = {isa = PBXFileReference; fileEncoding = 4; lastKnownFileType = sourcecode.swift; path = Bind.swift; sourceTree = "<group>"; };
		2636D9A41D83B93F00331745 /* TableViewCell+Rx.swift */ = {isa = PBXFileReference; fileEncoding = 4; lastKnownFileType = sourcecode.swift; path = "TableViewCell+Rx.swift"; sourceTree = "<group>"; };
		2636D9A51D83B93F00331745 /* Label+Rx.swift */ = {isa = PBXFileReference; fileEncoding = 4; lastKnownFileType = sourcecode.swift; path = "Label+Rx.swift"; sourceTree = "<group>"; };
		2636D9A61D83B93F00331745 /* NSObject+Rx.swift */ = {isa = PBXFileReference; fileEncoding = 4; lastKnownFileType = sourcecode.swift; path = "NSObject+Rx.swift"; sourceTree = "<group>"; };
		263888951DB8758700F35B5F /* Alert.swift */ = {isa = PBXFileReference; fileEncoding = 4; lastKnownFileType = sourcecode.swift; path = Alert.swift; sourceTree = "<group>"; };
		263888961DB8758700F35B5F /* AutoDeselect.swift */ = {isa = PBXFileReference; fileEncoding = 4; lastKnownFileType = sourcecode.swift; path = AutoDeselect.swift; sourceTree = "<group>"; };
		263888971DB8758700F35B5F /* Ignore.swift */ = {isa = PBXFileReference; fileEncoding = 4; lastKnownFileType = sourcecode.swift; path = Ignore.swift; sourceTree = "<group>"; };
		263888981DB8758700F35B5F /* Operators.swift */ = {isa = PBXFileReference; fileEncoding = 4; lastKnownFileType = sourcecode.swift; path = Operators.swift; sourceTree = "<group>"; };
		263888991DB8758700F35B5F /* Reverse.swift */ = {isa = PBXFileReference; fileEncoding = 4; lastKnownFileType = sourcecode.swift; path = Reverse.swift; sourceTree = "<group>"; };
		2638889A1DB8758700F35B5F /* Transition.swift */ = {isa = PBXFileReference; fileEncoding = 4; lastKnownFileType = sourcecode.swift; path = Transition.swift; sourceTree = "<group>"; };
		2655165C1DBF54EB002E2A02 /* DataSourceExtensions.swift */ = {isa = PBXFileReference; fileEncoding = 4; lastKnownFileType = sourcecode.swift; path = DataSourceExtensions.swift; sourceTree = "<group>"; };
		2655165E1DBF55BD002E2A02 /* UISwitch+Rx.swift */ = {isa = PBXFileReference; fileEncoding = 4; lastKnownFileType = sourcecode.swift; path = "UISwitch+Rx.swift"; sourceTree = "<group>"; };
		265516601DBF5623002E2A02 /* UIButton+Rx.swift */ = {isa = PBXFileReference; fileEncoding = 4; lastKnownFileType = sourcecode.swift; path = "UIButton+Rx.swift"; sourceTree = "<group>"; };
		265516621DBF5BA8002E2A02 /* Variable+Array.swift */ = {isa = PBXFileReference; fileEncoding = 4; lastKnownFileType = sourcecode.swift; path = "Variable+Array.swift"; sourceTree = "<group>"; };
		268163DE1DCF1982006AC5EB /* Driver+Occupiable.swift */ = {isa = PBXFileReference; fileEncoding = 4; lastKnownFileType = sourcecode.swift; path = "Driver+Occupiable.swift"; sourceTree = "<group>"; };
		268163DF1DCF1982006AC5EB /* Driver+Optional.swift */ = {isa = PBXFileReference; fileEncoding = 4; lastKnownFileType = sourcecode.swift; path = "Driver+Optional.swift"; sourceTree = "<group>"; };
		268163E01DCF1982006AC5EB /* Observable+Occupiable.swift */ = {isa = PBXFileReference; fileEncoding = 4; lastKnownFileType = sourcecode.swift; path = "Observable+Occupiable.swift"; sourceTree = "<group>"; };
		268163E11DCF1982006AC5EB /* Observable+Optional.swift */ = {isa = PBXFileReference; fileEncoding = 4; lastKnownFileType = sourcecode.swift; path = "Observable+Optional.swift"; sourceTree = "<group>"; };
		268163E21DCF1982006AC5EB /* Occupiable.swift */ = {isa = PBXFileReference; fileEncoding = 4; lastKnownFileType = sourcecode.swift; path = Occupiable.swift; sourceTree = "<group>"; };
		268163E31DCF1982006AC5EB /* OptionalType.swift */ = {isa = PBXFileReference; fileEncoding = 4; lastKnownFileType = sourcecode.swift; path = OptionalType.swift; sourceTree = "<group>"; };
		268163E41DCF1982006AC5EB /* RxOptionalError.swift */ = {isa = PBXFileReference; fileEncoding = 4; lastKnownFileType = sourcecode.swift; path = RxOptionalError.swift; sourceTree = "<group>"; };
		26876B9B1DD1779200ED8840 /* ReactiveLabel.swift */ = {isa = PBXFileReference; fileEncoding = 4; lastKnownFileType = sourcecode.swift; path = ReactiveLabel.swift; sourceTree = "<group>"; };
		26876B9D1DD1783C00ED8840 /* ReactiveButton.swift */ = {isa = PBXFileReference; fileEncoding = 4; lastKnownFileType = sourcecode.swift; path = ReactiveButton.swift; sourceTree = "<group>"; };
		26876B9F1DD197E300ED8840 /* ReactiveViewController.swift */ = {isa = PBXFileReference; fileEncoding = 4; lastKnownFileType = sourcecode.swift; path = ReactiveViewController.swift; sourceTree = "<group>"; };
		269D8E9C1DCAFA6B001F703D /* UIBarItem+Rx.swift */ = {isa = PBXFileReference; fileEncoding = 4; lastKnownFileType = sourcecode.swift; path = "UIBarItem+Rx.swift"; sourceTree = "<group>"; };
		269D8E9E1DCAFAB3001F703D /* CollectionViewCell+Rx.swift */ = {isa = PBXFileReference; fileEncoding = 4; lastKnownFileType = sourcecode.swift; path = "CollectionViewCell+Rx.swift"; sourceTree = "<group>"; };
		26BD1AE71DCB888900472A36 /* ReactiveBarButtonItem.swift */ = {isa = PBXFileReference; fileEncoding = 4; lastKnownFileType = sourcecode.swift; path = ReactiveBarButtonItem.swift; sourceTree = "<group>"; };
		26BD1AE91DCB88F500472A36 /* ReactiveCollectionView.swift */ = {isa = PBXFileReference; fileEncoding = 4; lastKnownFileType = sourcecode.swift; path = ReactiveCollectionView.swift; sourceTree = "<group>"; };
		26BD1AFE1DCC692300472A36 /* ReactiveTextField.swift */ = {isa = PBXFileReference; fileEncoding = 4; lastKnownFileType = sourcecode.swift; path = ReactiveTextField.swift; sourceTree = "<group>"; };
		26BD1B001DCC6A2100472A36 /* ReactiveImageView.swift */ = {isa = PBXFileReference; fileEncoding = 4; lastKnownFileType = sourcecode.swift; path = ReactiveImageView.swift; sourceTree = "<group>"; };
		26BD1B061DCC882A00472A36 /* Replace.swift */ = {isa = PBXFileReference; fileEncoding = 4; lastKnownFileType = sourcecode.swift; path = Replace.swift; sourceTree = "<group>"; };
		26CCF5961DBF44660023586B /* UITableViewHeaderFooterView+Rx.swift */ = {isa = PBXFileReference; fileEncoding = 4; lastKnownFileType = sourcecode.swift; path = "UITableViewHeaderFooterView+Rx.swift"; sourceTree = "<group>"; };
		26D165591D9D55F300DE6232 /* IDHashable.swift */ = {isa = PBXFileReference; fileEncoding = 4; lastKnownFileType = sourcecode.swift; path = IDHashable.swift; sourceTree = "<group>"; };
		26E1DAAA1D9D56F400128300 /* RxDataSources.framework */ = {isa = PBXFileReference; lastKnownFileType = wrapper.framework; name = RxDataSources.framework; path = Carthage/Build/iOS/RxDataSources.framework; sourceTree = "<group>"; };
/* End PBXFileReference section */

/* Begin PBXFrameworksBuildPhase section */
		2636D98F1D83B70900331745 /* Frameworks */ = {
			isa = PBXFrameworksBuildPhase;
			buildActionMask = 2147483647;
			files = (
				26E1DAAB1D9D56F400128300 /* RxDataSources.framework in Frameworks */,
				2636D9A11D83B8DA00331745 /* RxSwift.framework in Frameworks */,
				2636D9A21D83B8DA00331745 /* RxCocoa.framework in Frameworks */,
			);
			runOnlyForDeploymentPostprocessing = 0;
		};
/* End PBXFrameworksBuildPhase section */

/* Begin PBXGroup section */
		2636D9891D83B70900331745 = {
			isa = PBXGroup;
			children = (
				2636D9951D83B70900331745 /* RxExtensions */,
				2636D9941D83B70900331745 /* Products */,
				2636D99E1D83B8DA00331745 /* Frameworks */,
			);
			sourceTree = "<group>";
		};
		2636D9941D83B70900331745 /* Products */ = {
			isa = PBXGroup;
			children = (
				2636D9931D83B70900331745 /* RxExtensions.framework */,
			);
			name = Products;
			sourceTree = "<group>";
		};
		2636D9951D83B70900331745 /* RxExtensions */ = {
			isa = PBXGroup;
			children = (
				268163DD1DCF1982006AC5EB /* RxOptional */,
				26BD1AE61DCB887500472A36 /* Reactive */,
				263888951DB8758700F35B5F /* Alert.swift */,
				2655165C1DBF54EB002E2A02 /* DataSourceExtensions.swift */,
				263888961DB8758700F35B5F /* AutoDeselect.swift */,
				263888971DB8758700F35B5F /* Ignore.swift */,
				263888981DB8758700F35B5F /* Operators.swift */,
				263888991DB8758700F35B5F /* Reverse.swift */,
				2638889A1DB8758700F35B5F /* Transition.swift */,
				2636D9A31D83B93F00331745 /* Bind.swift */,
				2636D9A41D83B93F00331745 /* TableViewCell+Rx.swift */,
				2636D9A61D83B93F00331745 /* NSObject+Rx.swift */,
				2636D9A51D83B93F00331745 /* Label+Rx.swift */,
				26CCF5961DBF44660023586B /* UITableViewHeaderFooterView+Rx.swift */,
				2636D9961D83B70900331745 /* RxExtensions.h */,
				2636D9971D83B70900331745 /* Info.plist */,
				26D165591D9D55F300DE6232 /* IDHashable.swift */,
				2655165E1DBF55BD002E2A02 /* UISwitch+Rx.swift */,
				265516601DBF5623002E2A02 /* UIButton+Rx.swift */,
				265516621DBF5BA8002E2A02 /* Variable+Array.swift */,
				269D8E9C1DCAFA6B001F703D /* UIBarItem+Rx.swift */,
				269D8E9E1DCAFAB3001F703D /* CollectionViewCell+Rx.swift */,
				26BD1B061DCC882A00472A36 /* Replace.swift */,
			);
			path = RxExtensions;
			sourceTree = "<group>";
		};
		2636D99E1D83B8DA00331745 /* Frameworks */ = {
			isa = PBXGroup;
			children = (
				26E1DAAA1D9D56F400128300 /* RxDataSources.framework */,
				2636D99F1D83B8DA00331745 /* RxSwift.framework */,
				2636D9A01D83B8DA00331745 /* RxCocoa.framework */,
			);
			name = Frameworks;
			sourceTree = "<group>";
		};
		268163DD1DCF1982006AC5EB /* RxOptional */ = {
			isa = PBXGroup;
			children = (
				268163DE1DCF1982006AC5EB /* Driver+Occupiable.swift */,
				268163DF1DCF1982006AC5EB /* Driver+Optional.swift */,
				268163E01DCF1982006AC5EB /* Observable+Occupiable.swift */,
				268163E11DCF1982006AC5EB /* Observable+Optional.swift */,
				268163E21DCF1982006AC5EB /* Occupiable.swift */,
				268163E31DCF1982006AC5EB /* OptionalType.swift */,
				268163E41DCF1982006AC5EB /* RxOptionalError.swift */,
			);
			path = RxOptional;
			sourceTree = "<group>";
		};
		26BD1AE61DCB887500472A36 /* Reactive */ = {
			isa = PBXGroup;
			children = (
				26BD1AE71DCB888900472A36 /* ReactiveBarButtonItem.swift */,
				26BD1AE91DCB88F500472A36 /* ReactiveCollectionView.swift */,
				26BD1AFE1DCC692300472A36 /* ReactiveTextField.swift */,
				26BD1B001DCC6A2100472A36 /* ReactiveImageView.swift */,
				26876B9B1DD1779200ED8840 /* ReactiveLabel.swift */,
				26876B9D1DD1783C00ED8840 /* ReactiveButton.swift */,
				26876B9F1DD197E300ED8840 /* ReactiveViewController.swift */,
			);
			path = Reactive;
			sourceTree = "<group>";
		};
/* End PBXGroup section */

/* Begin PBXHeadersBuildPhase section */
		2636D9901D83B70900331745 /* Headers */ = {
			isa = PBXHeadersBuildPhase;
			buildActionMask = 2147483647;
			files = (
				2636D9981D83B70900331745 /* RxExtensions.h in Headers */,
			);
			runOnlyForDeploymentPostprocessing = 0;
		};
/* End PBXHeadersBuildPhase section */

/* Begin PBXNativeTarget section */
		2636D9921D83B70900331745 /* RxExtensions */ = {
			isa = PBXNativeTarget;
			buildConfigurationList = 2636D99B1D83B70900331745 /* Build configuration list for PBXNativeTarget "RxExtensions" */;
			buildPhases = (
				2636D98E1D83B70900331745 /* Sources */,
				2636D98F1D83B70900331745 /* Frameworks */,
				2636D9901D83B70900331745 /* Headers */,
				2636D9911D83B70900331745 /* Resources */,
			);
			buildRules = (
			);
			dependencies = (
			);
			name = RxExtensions;
			productName = RxExtensions;
			productReference = 2636D9931D83B70900331745 /* RxExtensions.framework */;
			productType = "com.apple.product-type.framework";
		};
/* End PBXNativeTarget section */

/* Begin PBXProject section */
		2636D98A1D83B70900331745 /* Project object */ = {
			isa = PBXProject;
			attributes = {
				LastUpgradeCheck = 0810;
				ORGANIZATIONNAME = T;
				TargetAttributes = {
					2636D9921D83B70900331745 = {
						CreatedOnToolsVersion = 8.0;
						LastSwiftMigration = 0800;
						ProvisioningStyle = Manual;
					};
				};
			};
			buildConfigurationList = 2636D98D1D83B70900331745 /* Build configuration list for PBXProject "RxExtensions" */;
			compatibilityVersion = "Xcode 3.2";
			developmentRegion = English;
			hasScannedForEncodings = 0;
			knownRegions = (
				en,
			);
			mainGroup = 2636D9891D83B70900331745;
			productRefGroup = 2636D9941D83B70900331745 /* Products */;
			projectDirPath = "";
			projectRoot = "";
			targets = (
				2636D9921D83B70900331745 /* RxExtensions */,
			);
		};
/* End PBXProject section */

/* Begin PBXResourcesBuildPhase section */
		2636D9911D83B70900331745 /* Resources */ = {
			isa = PBXResourcesBuildPhase;
			buildActionMask = 2147483647;
			files = (
			);
			runOnlyForDeploymentPostprocessing = 0;
		};
/* End PBXResourcesBuildPhase section */

/* Begin PBXSourcesBuildPhase section */
		2636D98E1D83B70900331745 /* Sources */ = {
			isa = PBXSourcesBuildPhase;
			buildActionMask = 2147483647;
			files = (
				269D8E9F1DCAFAB3001F703D /* CollectionViewCell+Rx.swift in Sources */,
				26BD1B011DCC6A2100472A36 /* ReactiveImageView.swift in Sources */,
				26BD1AFF1DCC692300472A36 /* ReactiveTextField.swift in Sources */,
				2638889B1DB8758700F35B5F /* Alert.swift in Sources */,
				2636D9A71D83B93F00331745 /* Bind.swift in Sources */,
				2655165D1DBF54EB002E2A02 /* DataSourceExtensions.swift in Sources */,
				2636D9AA1D83B93F00331745 /* NSObject+Rx.swift in Sources */,
				268163E91DCF1982006AC5EB /* Driver+Optional.swift in Sources */,
				268163ED1DCF1982006AC5EB /* OptionalType.swift in Sources */,
				26876B9C1DD1779200ED8840 /* ReactiveLabel.swift in Sources */,
				2638889D1DB8758700F35B5F /* Ignore.swift in Sources */,
				26CCF5971DBF44660023586B /* UITableViewHeaderFooterView+Rx.swift in Sources */,
				2638889F1DB8758700F35B5F /* Reverse.swift in Sources */,
				268163EB1DCF1982006AC5EB /* Observable+Optional.swift in Sources */,
				26BD1AE81DCB888900472A36 /* ReactiveBarButtonItem.swift in Sources */,
				263888A01DB8758700F35B5F /* Transition.swift in Sources */,
				268163EC1DCF1982006AC5EB /* Occupiable.swift in Sources */,
				26876BA01DD197E300ED8840 /* ReactiveViewController.swift in Sources */,
				268163EE1DCF1982006AC5EB /* RxOptionalError.swift in Sources */,
				2638889C1DB8758700F35B5F /* AutoDeselect.swift in Sources */,
				26BD1B071DCC882A00472A36 /* Replace.swift in Sources */,
				265516611DBF5623002E2A02 /* UIButton+Rx.swift in Sources */,
				2655165F1DBF55BD002E2A02 /* UISwitch+Rx.swift in Sources */,
				268163E81DCF1982006AC5EB /* Driver+Occupiable.swift in Sources */,
				26BD1AEA1DCB88F500472A36 /* ReactiveCollectionView.swift in Sources */,
				269D8E9D1DCAFA6B001F703D /* UIBarItem+Rx.swift in Sources */,
				2636D9A91D83B93F00331745 /* Label+Rx.swift in Sources */,
				268163EA1DCF1982006AC5EB /* Observable+Occupiable.swift in Sources */,
				26D1655A1D9D55F300DE6232 /* IDHashable.swift in Sources */,
				2636D9A81D83B93F00331745 /* TableViewCell+Rx.swift in Sources */,
				2638889E1DB8758700F35B5F /* Operators.swift in Sources */,
				26876B9E1DD1783C00ED8840 /* ReactiveButton.swift in Sources */,
				265516631DBF5BA8002E2A02 /* Variable+Array.swift in Sources */,
			);
			runOnlyForDeploymentPostprocessing = 0;
		};
/* End PBXSourcesBuildPhase section */

/* Begin XCBuildConfiguration section */
		2636D9991D83B70900331745 /* Debug */ = {
			isa = XCBuildConfiguration;
			buildSettings = {
				ALWAYS_SEARCH_USER_PATHS = NO;
				CLANG_ANALYZER_NONNULL = YES;
				CLANG_CXX_LANGUAGE_STANDARD = "gnu++0x";
				CLANG_CXX_LIBRARY = "libc++";
				CLANG_ENABLE_MODULES = YES;
				CLANG_ENABLE_OBJC_ARC = YES;
				CLANG_WARN_BOOL_CONVERSION = YES;
				CLANG_WARN_CONSTANT_CONVERSION = YES;
				CLANG_WARN_DIRECT_OBJC_ISA_USAGE = YES_ERROR;
				CLANG_WARN_DOCUMENTATION_COMMENTS = YES;
				CLANG_WARN_EMPTY_BODY = YES;
				CLANG_WARN_ENUM_CONVERSION = YES;
				CLANG_WARN_INFINITE_RECURSION = YES;
				CLANG_WARN_INT_CONVERSION = YES;
				CLANG_WARN_OBJC_ROOT_CLASS = YES_ERROR;
				CLANG_WARN_SUSPICIOUS_MOVE = YES;
				CLANG_WARN_SUSPICIOUS_MOVES = YES;
				CLANG_WARN_UNREACHABLE_CODE = YES;
				CLANG_WARN__DUPLICATE_METHOD_MATCH = YES;
				"CODE_SIGN_IDENTITY[sdk=iphoneos*]" = "iPhone Developer";
				COPY_PHASE_STRIP = NO;
				CURRENT_PROJECT_VERSION = 1;
				DEBUG_INFORMATION_FORMAT = dwarf;
				ENABLE_STRICT_OBJC_MSGSEND = YES;
				ENABLE_TESTABILITY = YES;
				GCC_C_LANGUAGE_STANDARD = gnu99;
				GCC_DYNAMIC_NO_PIC = NO;
				GCC_NO_COMMON_BLOCKS = YES;
				GCC_OPTIMIZATION_LEVEL = 0;
				GCC_PREPROCESSOR_DEFINITIONS = (
					"DEBUG=1",
					"$(inherited)",
				);
				GCC_WARN_64_TO_32_BIT_CONVERSION = YES;
				GCC_WARN_ABOUT_RETURN_TYPE = YES_ERROR;
				GCC_WARN_UNDECLARED_SELECTOR = YES;
				GCC_WARN_UNINITIALIZED_AUTOS = YES_AGGRESSIVE;
				GCC_WARN_UNUSED_FUNCTION = YES;
				GCC_WARN_UNUSED_VARIABLE = YES;
				IPHONEOS_DEPLOYMENT_TARGET = 9.0;
				MTL_ENABLE_DEBUG_INFO = YES;
				ONLY_ACTIVE_ARCH = YES;
				SDKROOT = iphoneos;
				SWIFT_ACTIVE_COMPILATION_CONDITIONS = DEBUG;
				SWIFT_OPTIMIZATION_LEVEL = "-Onone";
				TARGETED_DEVICE_FAMILY = "1,2";
				VERSIONING_SYSTEM = "apple-generic";
				VERSION_INFO_PREFIX = "";
			};
			name = Debug;
		};
		2636D99A1D83B70900331745 /* Release */ = {
			isa = XCBuildConfiguration;
			buildSettings = {
				ALWAYS_SEARCH_USER_PATHS = NO;
				CLANG_ANALYZER_NONNULL = YES;
				CLANG_CXX_LANGUAGE_STANDARD = "gnu++0x";
				CLANG_CXX_LIBRARY = "libc++";
				CLANG_ENABLE_MODULES = YES;
				CLANG_ENABLE_OBJC_ARC = YES;
				CLANG_WARN_BOOL_CONVERSION = YES;
				CLANG_WARN_CONSTANT_CONVERSION = YES;
				CLANG_WARN_DIRECT_OBJC_ISA_USAGE = YES_ERROR;
				CLANG_WARN_DOCUMENTATION_COMMENTS = YES;
				CLANG_WARN_EMPTY_BODY = YES;
				CLANG_WARN_ENUM_CONVERSION = YES;
				CLANG_WARN_INFINITE_RECURSION = YES;
				CLANG_WARN_INT_CONVERSION = YES;
				CLANG_WARN_OBJC_ROOT_CLASS = YES_ERROR;
				CLANG_WARN_SUSPICIOUS_MOVE = YES;
				CLANG_WARN_SUSPICIOUS_MOVES = YES;
				CLANG_WARN_UNREACHABLE_CODE = YES;
				CLANG_WARN__DUPLICATE_METHOD_MATCH = YES;
				"CODE_SIGN_IDENTITY[sdk=iphoneos*]" = "iPhone Developer";
				COPY_PHASE_STRIP = NO;
				CURRENT_PROJECT_VERSION = 1;
				DEBUG_INFORMATION_FORMAT = "dwarf-with-dsym";
				ENABLE_NS_ASSERTIONS = NO;
				ENABLE_STRICT_OBJC_MSGSEND = YES;
				GCC_C_LANGUAGE_STANDARD = gnu99;
				GCC_NO_COMMON_BLOCKS = YES;
				GCC_WARN_64_TO_32_BIT_CONVERSION = YES;
				GCC_WARN_ABOUT_RETURN_TYPE = YES_ERROR;
				GCC_WARN_UNDECLARED_SELECTOR = YES;
				GCC_WARN_UNINITIALIZED_AUTOS = YES_AGGRESSIVE;
				GCC_WARN_UNUSED_FUNCTION = YES;
				GCC_WARN_UNUSED_VARIABLE = YES;
				IPHONEOS_DEPLOYMENT_TARGET = 9.0;
				MTL_ENABLE_DEBUG_INFO = NO;
				SDKROOT = iphoneos;
				SWIFT_OPTIMIZATION_LEVEL = "-Owholemodule";
				TARGETED_DEVICE_FAMILY = "1,2";
				VALIDATE_PRODUCT = YES;
				VERSIONING_SYSTEM = "apple-generic";
				VERSION_INFO_PREFIX = "";
			};
			name = Release;
		};
		2636D99C1D83B70900331745 /* Debug */ = {
			isa = XCBuildConfiguration;
			buildSettings = {
				CLANG_ENABLE_MODULES = YES;
				CODE_SIGN_IDENTITY = "";
				DEFINES_MODULE = YES;
				DEVELOPMENT_TEAM = "";
				DYLIB_COMPATIBILITY_VERSION = 1;
				DYLIB_CURRENT_VERSION = 1;
				DYLIB_INSTALL_NAME_BASE = "@rpath";
				FRAMEWORK_SEARCH_PATHS = (
					"$(inherited)",
					"$(PROJECT_DIR)/Carthage/Build/iOS",
				);
				INFOPLIST_FILE = RxExtensions/Info.plist;
				INSTALL_PATH = "$(LOCAL_LIBRARY_DIR)/Frameworks";
				LD_RUNPATH_SEARCH_PATHS = "$(inherited) @executable_path/Frameworks @loader_path/Frameworks";
				PRODUCT_BUNDLE_IDENTIFIER = gg.swift.t.RxExtensions;
				PRODUCT_NAME = "$(TARGET_NAME)";
				SKIP_INSTALL = YES;
				SWIFT_OPTIMIZATION_LEVEL = "-Onone";
				SWIFT_VERSION = 3.0;
			};
			name = Debug;
		};
		2636D99D1D83B70900331745 /* Release */ = {
			isa = XCBuildConfiguration;
			buildSettings = {
				CLANG_ENABLE_MODULES = YES;
				CODE_SIGN_IDENTITY = "";
				DEFINES_MODULE = YES;
				DEVELOPMENT_TEAM = "";
				DYLIB_COMPATIBILITY_VERSION = 1;
				DYLIB_CURRENT_VERSION = 1;
				DYLIB_INSTALL_NAME_BASE = "@rpath";
				FRAMEWORK_SEARCH_PATHS = (
					"$(inherited)",
					"$(PROJECT_DIR)/Carthage/Build/iOS",
				);
				INFOPLIST_FILE = RxExtensions/Info.plist;
				INSTALL_PATH = "$(LOCAL_LIBRARY_DIR)/Frameworks";
				LD_RUNPATH_SEARCH_PATHS = "$(inherited) @executable_path/Frameworks @loader_path/Frameworks";
				PRODUCT_BUNDLE_IDENTIFIER = gg.swift.t.RxExtensions;
				PRODUCT_NAME = "$(TARGET_NAME)";
				SKIP_INSTALL = YES;
				SWIFT_VERSION = 3.0;
			};
			name = Release;
		};
/* End XCBuildConfiguration section */

/* Begin XCConfigurationList section */
		2636D98D1D83B70900331745 /* Build configuration list for PBXProject "RxExtensions" */ = {
			isa = XCConfigurationList;
			buildConfigurations = (
				2636D9991D83B70900331745 /* Debug */,
				2636D99A1D83B70900331745 /* Release */,
			);
			defaultConfigurationIsVisible = 0;
			defaultConfigurationName = Release;
		};
		2636D99B1D83B70900331745 /* Build configuration list for PBXNativeTarget "RxExtensions" */ = {
			isa = XCConfigurationList;
			buildConfigurations = (
				2636D99C1D83B70900331745 /* Debug */,
				2636D99D1D83B70900331745 /* Release */,
			);
			defaultConfigurationIsVisible = 0;
			defaultConfigurationName = Release;
		};
/* End XCConfigurationList section */
	};
	rootObject = 2636D98A1D83B70900331745 /* Project object */;
}
